
Microsoft Visual Studio Solution File, Format Version 12.00
# Visual Studio Version 16
VisualStudioVersion = 16.0.31613.86
MinimumVisualStudioVersion = 10.0.40219.1
Project("{FAE04EC0-301F-11D3-BF4B-00C04F79EFBC}") = "MyFirstProject.Android", "MyFirstProject.Android\MyFirstProject.Android.csproj", "{63C761D3-68FC-41CE-AF2E-1E052D72AFDE}"
EndProject
Project("{FAE04EC0-301F-11D3-BF4B-00C04F79EFBC}") = "MyFirstProject.iOS", "MyFirstProject.iOS\MyFirstProject.iOS.csproj", "{3D10530E-90F2-4392-B89F-11832B9118A3}"
EndProject
Project("{FAE04EC0-301F-11D3-BF4B-00C04F79EFBC}") = "MyFirstProject", "MyFirstProject\MyFirstProject.csproj", "{50612D0F-C926-41AE-911B-CB2803BF6A94}"
EndProject
Global
	GlobalSection(SolutionConfigurationPlatforms) = preSolution
		Debug|Any CPU = Debug|Any CPU
		Debug|iPhone = Debug|iPhone
		Debug|iPhoneSimulator = Debug|iPhoneSimulator
		Release|Any CPU = Release|Any CPU
		Release|iPhone = Release|iPhone
		Release|iPhoneSimulator = Release|iPhoneSimulator
	EndGlobalSection
	GlobalSection(ProjectConfigurationPlatforms) = postSolution
		{63C761D3-68FC-41CE-AF2E-1E052D72AFDE}.Debug|Any CPU.ActiveCfg = Debug|Any CPU
		{63C761D3-68FC-41CE-AF2E-1E052D72AFDE}.Debug|Any CPU.Build.0 = Debug|Any CPU
		{63C761D3-68FC-41CE-AF2E-1E052D72AFDE}.Debug|Any CPU.Deploy.0 = Debug|Any CPU
		{63C761D3-68FC-41CE-AF2E-1E052D72AFDE}.Debug|iPhone.ActiveCfg = Debug|Any CPU
		{63C761D3-68FC-41CE-AF2E-1E052D72AFDE}.Debug|iPhone.Build.0 = Debug|Any CPU
		{63C761D3-68FC-41CE-AF2E-1E052D72AFDE}.Debug|iPhone.Deploy.0 = Debug|Any CPU
		{63C761D3-68FC-41CE-AF2E-1E052D72AFDE}.Debug|iPhoneSimulator.ActiveCfg = Debug|Any CPU
		{63C761D3-68FC-41CE-AF2E-1E052D72AFDE}.Debug|iPhoneSimulator.Build.0 = Debug|Any CPU
		{63C761D3-68FC-41CE-AF2E-1E052D72AFDE}.Debug|iPhoneSimulator.Deploy.0 = Debug|Any CPU
		{63C761D3-68FC-41CE-AF2E-1E052D72AFDE}.Release|Any CPU.ActiveCfg = Release|Any CPU
		{63C761D3-68FC-41CE-AF2E-1E052D72AFDE}.Release|Any CPU.Build.0 = Release|Any CPU
		{63C761D3-68FC-41CE-AF2E-1E052D72AFDE}.Release|Any CPU.Deploy.0 = Release|Any CPU
		{63C761D3-68FC-41CE-AF2E-1E052D72AFDE}.Release|iPhone.ActiveCfg = Release|Any CPU
		{63C761D3-68FC-41CE-AF2E-1E052D72AFDE}.Release|iPhone.Build.0 = Release|Any CPU
		{63C761D3-68FC-41CE-AF2E-1E052D72AFDE}.Release|iPhone.Deploy.0 = Release|Any CPU
		{63C761D3-68FC-41CE-AF2E-1E052D72AFDE}.Release|iPhoneSimulator.ActiveCfg = Release|Any CPU
		{63C761D3-68FC-41CE-AF2E-1E052D72AFDE}.Release|iPhoneSimulator.Build.0 = Release|Any CPU
		{63C761D3-68FC-41CE-AF2E-1E052D72AFDE}.Release|iPhoneSimulator.Deploy.0 = Release|Any CPU
		{3D10530E-90F2-4392-B89F-11832B9118A3}.Debug|Any CPU.ActiveCfg = Debug|iPhone
		{3D10530E-90F2-4392-B89F-11832B9118A3}.Debug|Any CPU.Build.0 = Debug|iPhone
		{3D10530E-90F2-4392-B89F-11832B9118A3}.Debug|Any CPU.Deploy.0 = Debug|iPhone
		{3D10530E-90F2-4392-B89F-11832B9118A3}.Debug|iPhone.ActiveCfg = Debug|iPhone
		{3D10530E-90F2-4392-B89F-11832B9118A3}.Debug|iPhone.Build.0 = Debug|iPhone
		{3D10530E-90F2-4392-B89F-11832B9118A3}.Debug|iPhone.Deploy.0 = Debug|iPhone
		{3D10530E-90F2-4392-B89F-11832B9118A3}.Debug|iPhoneSimulator.ActiveCfg = Debug|iPhoneSimulator
		{3D10530E-90F2-4392-B89F-11832B9118A3}.Debug|iPhoneSimulator.Build.0 = Debug|iPhoneSimulator
		{3D10530E-90F2-4392-B89F-11832B9118A3}.Debug|iPhoneSimulator.Deploy.0 = Debug|iPhoneSimulator
		{3D10530E-90F2-4392-B89F-11832B9118A3}.Release|Any CPU.ActiveCfg = Release|iPhoneSimulator
		{3D10530E-90F2-4392-B89F-11832B9118A3}.Release|Any CPU.Build.0 = Release|iPhoneSimulator
		{3D10530E-90F2-4392-B89F-11832B9118A3}.Release|Any CPU.Deploy.0 = Release|iPhoneSimulator
		{3D10530E-90F2-4392-B89F-11832B9118A3}.Release|iPhone.ActiveCfg = Release|iPhone
		{3D10530E-90F2-4392-B89F-11832B9118A3}.Release|iPhone.Build.0 = Release|iPhone
		{3D10530E-90F2-4392-B89F-11832B9118A3}.Release|iPhone.Deploy.0 = Release|iPhone
		{3D10530E-90F2-4392-B89F-11832B9118A3}.Release|iPhoneSimulator.ActiveCfg = Release|iPhoneSimulator
		{3D10530E-90F2-4392-B89F-11832B9118A3}.Release|iPhoneSimulator.Build.0 = Release|iPhoneSimulator
		{3D10530E-90F2-4392-B89F-11832B9118A3}.Release|iPhoneSimulator.Deploy.0 = Release|iPhoneSimulator
		{50612D0F-C926-41AE-911B-CB2803BF6A94}.Debug|Any CPU.ActiveCfg = Debug|Any CPU
		{50612D0F-C926-41AE-911B-CB2803BF6A94}.Debug|Any CPU.Build.0 = Debug|Any CPU
		{50612D0F-C926-41AE-911B-CB2803BF6A94}.Debug|Any CPU.Deploy.0 = Debug|Any CPU
		{50612D0F-C926-41AE-911B-CB2803BF6A94}.Debug|iPhone.ActiveCfg = Debug|Any CPU
		{50612D0F-C926-41AE-911B-CB2803BF6A94}.Debug|iPhone.Build.0 = Debug|Any CPU
		{50612D0F-C926-41AE-911B-CB2803BF6A94}.Debug|iPhone.Deploy.0 = Debug|Any CPU
		{50612D0F-C926-41AE-911B-CB2803BF6A94}.Debug|iPhoneSimulator.ActiveCfg = Debug|Any CPU
		{50612D0F-C926-41AE-911B-CB2803BF6A94}.Debug|iPhoneSimulator.Build.0 = Debug|Any CPU
		{50612D0F-C926-41AE-911B-CB2803BF6A94}.Debug|iPhoneSimulator.Deploy.0 = Debug|Any CPU
		{50612D0F-C926-41AE-911B-CB2803BF6A94}.Release|Any CPU.ActiveCfg = Release|Any CPU
		{50612D0F-C926-41AE-911B-CB2803BF6A94}.Release|Any CPU.Build.0 = Release|Any CPU
		{50612D0F-C926-41AE-911B-CB2803BF6A94}.Release|Any CPU.Deploy.0 = Release|Any CPU
		{50612D0F-C926-41AE-911B-CB2803BF6A94}.Release|iPhone.ActiveCfg = Release|Any CPU
		{50612D0F-C926-41AE-911B-CB2803BF6A94}.Release|iPhone.Build.0 = Release|Any CPU
		{50612D0F-C926-41AE-911B-CB2803BF6A94}.Release|iPhone.Deploy.0 = Release|Any CPU
		{50612D0F-C926-41AE-911B-CB2803BF6A94}.Release|iPhoneSimulator.ActiveCfg = Release|Any CPU
		{50612D0F-C926-41AE-911B-CB2803BF6A94}.Release|iPhoneSimulator.Build.0 = Release|Any CPU
		{50612D0F-C926-41AE-911B-CB2803BF6A94}.Release|iPhoneSimulator.Deploy.0 = Release|Any CPU
	EndGlobalSection
	GlobalSection(SolutionProperties) = preSolution
		HideSolutionNode = FALSE
	EndGlobalSection
	GlobalSection(ExtensibilityGlobals) = postSolution
		SolutionGuid = {BCB547E6-8748-4E23-ACE0-E6835B1DC673}
	EndGlobalSection
EndGlobal
